{
  "meteor": {},
  "dependencies": {
    "basePackages": {
      "jquery-sparklines": {},
      "notifications": {}
    },
    "packages": {
      "jquery-sparklines": {
        "git": "https://github.com/lumapictures/meteor-jquery-sparklines.git",
        "tag": "v1.0.1",
        "commit": "33028befd91655bde8bb6523aa219784b1fc5722"
      },
      "notifications": {
        "git": "https://github.com/gfk-ba/meteor-notifications.git",
        "tag": "v1.0.5",
        "commit": "f61cd5dcede6cc572bc045dad11c4634db79267a"
      },
      "sinon": {
        "git": "https://github.com/spacejamio/meteor-sinon.git",
        "tag": "v0.1.5",
        "commit": "5078abefbfc67a6c4c19f628ceba4249b84b4e07"
      },
      "chai": {
        "git": "https://github.com/spacejamio/meteor-chai.git",
        "tag": "v0.1.5",
        "commit": "9c8f1f769839c946f11f580b8c6f8601f9286a66"
      }
    }
  }
}
